
Microsoft Visual Studio Solution File, Format Version 12.00
# Visual Studio 2015
Project("{FAE04EC0-301F-11D3-BF4B-00C04F79EFBC}") = "GGJ2017.Plugins", "GGJ2017.Plugins.csproj", "{2A33B2D0-66FF-6F07-C1DB-52C721F499AB}"
EndProject
Project("{FAE04EC0-301F-11D3-BF4B-00C04F79EFBC}") = "GGJ2017.Editor.Plugins", "GGJ2017.Editor.Plugins.csproj", "{EB449F81-918D-87D7-323B-BDAAF8793532}"
EndProject
Global
	GlobalSection(SolutionConfigurationPlatforms) = preSolution
		Debug|Any CPU = Debug|Any CPU
		Release|Any CPU = Release|Any CPU
	EndGlobalSection
	GlobalSection(ProjectConfigurationPlatforms) = postSolution
		{2A33B2D0-66FF-6F07-C1DB-52C721F499AB}.Debug|Any CPU.ActiveCfg = Debug|Any CPU
		{2A33B2D0-66FF-6F07-C1DB-52C721F499AB}.Debug|Any CPU.Build.0 = Debug|Any CPU
		{2A33B2D0-66FF-6F07-C1DB-52C721F499AB}.Release|Any CPU.ActiveCfg = Release|Any CPU
		{2A33B2D0-66FF-6F07-C1DB-52C721F499AB}.Release|Any CPU.Build.0 = Release|Any CPU
		{EB449F81-918D-87D7-323B-BDAAF8793532}.Debug|Any CPU.ActiveCfg = Debug|Any CPU
		{EB449F81-918D-87D7-323B-BDAAF8793532}.Debug|Any CPU.Build.0 = Debug|Any CPU
		{EB449F81-918D-87D7-323B-BDAAF8793532}.Release|Any CPU.ActiveCfg = Release|Any CPU
		{EB449F81-918D-87D7-323B-BDAAF8793532}.Release|Any CPU.Build.0 = Release|Any CPU
	EndGlobalSection
	GlobalSection(SolutionProperties) = preSolution
		HideSolutionNode = FALSE
	EndGlobalSection
EndGlobal
