
Microsoft Visual Studio Solution File, Format Version 12.00
# Visual Studio 2015
Project("{FAE04EC0-301F-11D3-BF4B-00C04F79EFBC}") = "GGJ2017.CSharp.Plugins", "GGJ2017.CSharp.Plugins.csproj", "{6B23A077-243B-5E88-3C77-0AF48F8ACE42}"
EndProject
Project("{FAE04EC0-301F-11D3-BF4B-00C04F79EFBC}") = "GGJ2017.CSharp.Editor.Plugins", "GGJ2017.CSharp.Editor.Plugins.csproj", "{1E85F8EC-6936-FEA8-97D2-C32095CCF2AD}"
EndProject
Global
	GlobalSection(SolutionConfigurationPlatforms) = preSolution
		Debug|Any CPU = Debug|Any CPU
		Release|Any CPU = Release|Any CPU
	EndGlobalSection
	GlobalSection(ProjectConfigurationPlatforms) = postSolution
		{6B23A077-243B-5E88-3C77-0AF48F8ACE42}.Debug|Any CPU.ActiveCfg = Debug|Any CPU
		{6B23A077-243B-5E88-3C77-0AF48F8ACE42}.Debug|Any CPU.Build.0 = Debug|Any CPU
		{6B23A077-243B-5E88-3C77-0AF48F8ACE42}.Release|Any CPU.ActiveCfg = Release|Any CPU
		{6B23A077-243B-5E88-3C77-0AF48F8ACE42}.Release|Any CPU.Build.0 = Release|Any CPU
		{1E85F8EC-6936-FEA8-97D2-C32095CCF2AD}.Debug|Any CPU.ActiveCfg = Debug|Any CPU
		{1E85F8EC-6936-FEA8-97D2-C32095CCF2AD}.Debug|Any CPU.Build.0 = Debug|Any CPU
		{1E85F8EC-6936-FEA8-97D2-C32095CCF2AD}.Release|Any CPU.ActiveCfg = Release|Any CPU
		{1E85F8EC-6936-FEA8-97D2-C32095CCF2AD}.Release|Any CPU.Build.0 = Release|Any CPU
	EndGlobalSection
	GlobalSection(SolutionProperties) = preSolution
		HideSolutionNode = FALSE
	EndGlobalSection
EndGlobal
